
Microsoft Visual Studio Solution File, Format Version 12.00
# Visual Studio Version 17
VisualStudioVersion = 17.4.33213.308
MinimumVisualStudioVersion = 10.0.40219.1
Project("{FAE04EC0-301F-11D3-BF4B-00C04F79EFBC}") = "UmagAPI", "UmagAPI\UmagAPI.csproj", "{003CF3C8-BA86-4E9B-8014-F8731FD73EEA}"
EndProject
Project("{2150E333-8FDC-42A3-9474-1A3956D46DE8}") = "Infrastructure", "Infrastructure", "{1A44D9FA-9929-43DC-A574-4F8AE684C9CB}"
	ProjectSection(SolutionItems) = preProject
		docker-compose.yml = docker-compose.yml
	EndProjectSection
EndProject
Global
	GlobalSection(SolutionConfigurationPlatforms) = preSolution
		Debug|Any CPU = Debug|Any CPU
		Release|Any CPU = Release|Any CPU
	EndGlobalSection
	GlobalSection(ProjectConfigurationPlatforms) = postSolution
		{003CF3C8-BA86-4E9B-8014-F8731FD73EEA}.Debug|Any CPU.ActiveCfg = Debug|Any CPU
		{003CF3C8-BA86-4E9B-8014-F8731FD73EEA}.Debug|Any CPU.Build.0 = Debug|Any CPU
		{003CF3C8-BA86-4E9B-8014-F8731FD73EEA}.Release|Any CPU.ActiveCfg = Release|Any CPU
		{003CF3C8-BA86-4E9B-8014-F8731FD73EEA}.Release|Any CPU.Build.0 = Release|Any CPU
	EndGlobalSection
	GlobalSection(SolutionProperties) = preSolution
		HideSolutionNode = FALSE
	EndGlobalSection
	GlobalSection(ExtensibilityGlobals) = postSolution
		SolutionGuid = {683BE2C3-7D30-4F3C-810B-3E7983FA41DF}
	EndGlobalSection
EndGlobal
